
Microsoft Visual Studio Solution File, Format Version 12.00
# Visual Studio 15
VisualStudioVersion = 15.0.28010.2003
MinimumVisualStudioVersion = 10.0.40219.1
Project("{FAE04EC0-301F-11D3-BF4B-00C04F79EFBC}") = "perc-sharp", "perc-sharp\perc-sharp.csproj", "{E1331F8E-B0CB-4C16-842C-DFF4377C961A}"
EndProject
Global
	GlobalSection(SolutionConfigurationPlatforms) = preSolution
		Debug|Any CPU = Debug|Any CPU
		Release|Any CPU = Release|Any CPU
	EndGlobalSection
	GlobalSection(ProjectConfigurationPlatforms) = postSolution
		{E1331F8E-B0CB-4C16-842C-DFF4377C961A}.Debug|Any CPU.ActiveCfg = Debug|Any CPU
		{E1331F8E-B0CB-4C16-842C-DFF4377C961A}.Debug|Any CPU.Build.0 = Debug|Any CPU
		{E1331F8E-B0CB-4C16-842C-DFF4377C961A}.Release|Any CPU.ActiveCfg = Release|Any CPU
		{E1331F8E-B0CB-4C16-842C-DFF4377C961A}.Release|Any CPU.Build.0 = Release|Any CPU
	EndGlobalSection
	GlobalSection(SolutionProperties) = preSolution
		HideSolutionNode = FALSE
	EndGlobalSection
	GlobalSection(ExtensibilityGlobals) = postSolution
		SolutionGuid = {115666C0-F7EE-4AA6-AB37-33E4B6D1B2E0}
	EndGlobalSection
EndGlobal
