
Microsoft Visual Studio Solution File, Format Version 12.00
# Visual Studio 15
VisualStudioVersion = 15.0.28010.2048
MinimumVisualStudioVersion = 10.0.40219.1
Project("{FAE04EC0-301F-11D3-BF4B-00C04F79EFBC}") = "perc-sharp", "perc-sharp\perc-sharp.csproj", "{9ECFE0B8-AC93-47CD-9170-85A181FA028E}"
EndProject
Project("{FAE04EC0-301F-11D3-BF4B-00C04F79EFBC}") = "perc-sharp.domain", "perc-sharp.domain\perc-sharp.domain.csproj", "{C99806BE-7D29-4248-99B1-A5C0C213C116}"
EndProject
Global
	GlobalSection(SolutionConfigurationPlatforms) = preSolution
		Debug|Any CPU = Debug|Any CPU
		Release|Any CPU = Release|Any CPU
	EndGlobalSection
	GlobalSection(ProjectConfigurationPlatforms) = postSolution
		{9ECFE0B8-AC93-47CD-9170-85A181FA028E}.Debug|Any CPU.ActiveCfg = Debug|Any CPU
		{9ECFE0B8-AC93-47CD-9170-85A181FA028E}.Debug|Any CPU.Build.0 = Debug|Any CPU
		{9ECFE0B8-AC93-47CD-9170-85A181FA028E}.Release|Any CPU.ActiveCfg = Release|Any CPU
		{9ECFE0B8-AC93-47CD-9170-85A181FA028E}.Release|Any CPU.Build.0 = Release|Any CPU
		{C99806BE-7D29-4248-99B1-A5C0C213C116}.Debug|Any CPU.ActiveCfg = Debug|Any CPU
		{C99806BE-7D29-4248-99B1-A5C0C213C116}.Debug|Any CPU.Build.0 = Debug|Any CPU
		{C99806BE-7D29-4248-99B1-A5C0C213C116}.Release|Any CPU.ActiveCfg = Release|Any CPU
		{C99806BE-7D29-4248-99B1-A5C0C213C116}.Release|Any CPU.Build.0 = Release|Any CPU
	EndGlobalSection
	GlobalSection(SolutionProperties) = preSolution
		HideSolutionNode = FALSE
	EndGlobalSection
	GlobalSection(ExtensibilityGlobals) = postSolution
		SolutionGuid = {57E69DBE-CCC1-4E83-B132-5EBA45432898}
	EndGlobalSection
EndGlobal
